
Microsoft Visual Studio Solution File, Format Version 12.00
# Visual Studio 15
VisualStudioVersion = 15.0.28010.2019
MinimumVisualStudioVersion = 10.0.40219.1
Project("{FAE04EC0-301F-11D3-BF4B-00C04F79EFBC}") = "ProjetoADM", "ProjetoADM\ProjetoADM.csproj", "{2CDD87BF-AA0B-42E5-B86D-90BB192F9250}"
EndProject
Global
	GlobalSection(SolutionConfigurationPlatforms) = preSolution
		Debug|Any CPU = Debug|Any CPU
		Release|Any CPU = Release|Any CPU
	EndGlobalSection
	GlobalSection(ProjectConfigurationPlatforms) = postSolution
		{2CDD87BF-AA0B-42E5-B86D-90BB192F9250}.Debug|Any CPU.ActiveCfg = Debug|Any CPU
		{2CDD87BF-AA0B-42E5-B86D-90BB192F9250}.Debug|Any CPU.Build.0 = Debug|Any CPU
		{2CDD87BF-AA0B-42E5-B86D-90BB192F9250}.Release|Any CPU.ActiveCfg = Release|Any CPU
		{2CDD87BF-AA0B-42E5-B86D-90BB192F9250}.Release|Any CPU.Build.0 = Release|Any CPU
	EndGlobalSection
	GlobalSection(SolutionProperties) = preSolution
		HideSolutionNode = FALSE
	EndGlobalSection
	GlobalSection(ExtensibilityGlobals) = postSolution
		SolutionGuid = {66EB211D-79F3-4AB7-96EE-6F6999F599DF}
	EndGlobalSection
EndGlobal
